
Microsoft Visual Studio Solution File, Format Version 12.00
# Visual Studio 15
VisualStudioVersion = 15.0.25914.0
MinimumVisualStudioVersion = 10.0.40219.1
Project("{9A19103F-16F7-4668-BE54-9A1E7A4F7556}") = "Angular2-Playground.SPA", "Angular2-Playground.SPA\Angular2-Playground.SPA.csproj", "{2E0F5330-F2E2-4802-9D11-BBA9453B21BD}"
EndProject
Global
	GlobalSection(SolutionConfigurationPlatforms) = preSolution
		Debug|Any CPU = Debug|Any CPU
		Debug|x64 = Debug|x64
		Debug|x86 = Debug|x86
		Release|Any CPU = Release|Any CPU
		Release|x64 = Release|x64
		Release|x86 = Release|x86
	EndGlobalSection
	GlobalSection(ProjectConfigurationPlatforms) = postSolution
		{2E0F5330-F2E2-4802-9D11-BBA9453B21BD}.Debug|Any CPU.ActiveCfg = Debug|Any CPU
		{2E0F5330-F2E2-4802-9D11-BBA9453B21BD}.Debug|Any CPU.Build.0 = Debug|Any CPU
		{2E0F5330-F2E2-4802-9D11-BBA9453B21BD}.Debug|x64.ActiveCfg = Debug|x64
		{2E0F5330-F2E2-4802-9D11-BBA9453B21BD}.Debug|x64.Build.0 = Debug|x64
		{2E0F5330-F2E2-4802-9D11-BBA9453B21BD}.Debug|x86.ActiveCfg = Debug|x86
		{2E0F5330-F2E2-4802-9D11-BBA9453B21BD}.Debug|x86.Build.0 = Debug|x86
		{2E0F5330-F2E2-4802-9D11-BBA9453B21BD}.Release|Any CPU.ActiveCfg = Release|Any CPU
		{2E0F5330-F2E2-4802-9D11-BBA9453B21BD}.Release|Any CPU.Build.0 = Release|Any CPU
		{2E0F5330-F2E2-4802-9D11-BBA9453B21BD}.Release|x64.ActiveCfg = Release|x64
		{2E0F5330-F2E2-4802-9D11-BBA9453B21BD}.Release|x64.Build.0 = Release|x64
		{2E0F5330-F2E2-4802-9D11-BBA9453B21BD}.Release|x86.ActiveCfg = Release|x86
		{2E0F5330-F2E2-4802-9D11-BBA9453B21BD}.Release|x86.Build.0 = Release|x86
	EndGlobalSection
	GlobalSection(SolutionProperties) = preSolution
		HideSolutionNode = FALSE
	EndGlobalSection
EndGlobal
